
Microsoft Visual Studio Solution File, Format Version 12.00
# Visual Studio Version 16
VisualStudioVersion = 16.0.29926.136
MinimumVisualStudioVersion = 10.0.40219.1
Project("{FAE04EC0-301F-11D3-BF4B-00C04F79EFBC}") = "Localization.Resource", "Localization.Resource\Localization.Resource.csproj", "{0976133F-82AE-463F-8FD4-A6EDF89EC880}"
EndProject
Project("{FAE04EC0-301F-11D3-BF4B-00C04F79EFBC}") = "Localization.Common", "Localization.Common\Localization.Common.csproj", "{3E82EB1C-3730-4694-920B-2032655601B7}"
EndProject
Project("{9A19103F-16F7-4668-BE54-9A1E7A4F7556}") = "Localization.Web.UI", "Localization.Web.UI\Localization.Web.UI.csproj", "{B72A46E8-C7BA-446F-8B05-E4373936DC0B}"
EndProject
Global
	GlobalSection(SolutionConfigurationPlatforms) = preSolution
		Debug|Any CPU = Debug|Any CPU
		Release|Any CPU = Release|Any CPU
	EndGlobalSection
	GlobalSection(ProjectConfigurationPlatforms) = postSolution
		{0976133F-82AE-463F-8FD4-A6EDF89EC880}.Debug|Any CPU.ActiveCfg = Debug|Any CPU
		{0976133F-82AE-463F-8FD4-A6EDF89EC880}.Debug|Any CPU.Build.0 = Debug|Any CPU
		{0976133F-82AE-463F-8FD4-A6EDF89EC880}.Release|Any CPU.ActiveCfg = Release|Any CPU
		{0976133F-82AE-463F-8FD4-A6EDF89EC880}.Release|Any CPU.Build.0 = Release|Any CPU
		{3E82EB1C-3730-4694-920B-2032655601B7}.Debug|Any CPU.ActiveCfg = Debug|Any CPU
		{3E82EB1C-3730-4694-920B-2032655601B7}.Debug|Any CPU.Build.0 = Debug|Any CPU
		{3E82EB1C-3730-4694-920B-2032655601B7}.Release|Any CPU.ActiveCfg = Release|Any CPU
		{3E82EB1C-3730-4694-920B-2032655601B7}.Release|Any CPU.Build.0 = Release|Any CPU
		{B72A46E8-C7BA-446F-8B05-E4373936DC0B}.Debug|Any CPU.ActiveCfg = Debug|Any CPU
		{B72A46E8-C7BA-446F-8B05-E4373936DC0B}.Debug|Any CPU.Build.0 = Debug|Any CPU
		{B72A46E8-C7BA-446F-8B05-E4373936DC0B}.Release|Any CPU.ActiveCfg = Release|Any CPU
		{B72A46E8-C7BA-446F-8B05-E4373936DC0B}.Release|Any CPU.Build.0 = Release|Any CPU
	EndGlobalSection
	GlobalSection(SolutionProperties) = preSolution
		HideSolutionNode = FALSE
	EndGlobalSection
	GlobalSection(ExtensibilityGlobals) = postSolution
		SolutionGuid = {C6432347-8B15-4739-A2C1-CAFA4CFB9B45}
	EndGlobalSection
EndGlobal
